{
  "name": "alura-elements-example",
  "version": "1.0.0",
  "lockfileVersion": 2,
  "requires": true,
  "packages": {
    "": {
      "name": "alura-elements-example",
      "version": "1.0.0",
      "license": "ISC",
      "dependencies": {
        "alura-elements": "file:packages/alura-elements"
      }
    },
    "node_modules/@swc/core": {
      "version": "1.3.70",
      "resolved": "https://registry.npmjs.org/@swc/core/-/core-1.3.70.tgz",
      "integrity": "sha512-LWVWlEDLlOD25PvA2NEz41UzdwXnlDyBiZbe69s3zM0DfCPwZXLUm79uSqH9ItsOjTrXSL5/1+XUL6C/BZwChA==",
      "dev": true,
      "hasInstallScript": true,
      "engines": {
        "node": ">=10"
      },
      "funding": {
        "type": "opencollective",
        "url": "https://opencollective.com/swc"
      },
      "optionalDependencies": {
        "@swc/core-darwin-arm64": "1.3.70",
        "@swc/core-darwin-x64": "1.3.70",
        "@swc/core-linux-arm-gnueabihf": "1.3.70",
        "@swc/core-linux-arm64-gnu": "1.3.70",
        "@swc/core-linux-arm64-musl": "1.3.70",
        "@swc/core-linux-x64-gnu": "1.3.70",
        "@swc/core-linux-x64-musl": "1.3.70",
        "@swc/core-win32-arm64-msvc": "1.3.70",
        "@swc/core-win32-ia32-msvc": "1.3.70",
        "@swc/core-win32-x64-msvc": "1.3.70"
      },
      "peerDependencies": {
        "@swc/helpers": "^0.5.0"
      },
      "peerDependenciesMeta": {
        "@swc/helpers": {
          "optional": true
        }
      }
    },
    "node_modules/@swc/core-darwin-arm64": {
      "version": "1.3.70",
      "resolved": "https://registry.npmjs.org/@swc/core-darwin-arm64/-/core-darwin-arm64-1.3.70.tgz",
      "integrity": "sha512-31+mcl0dgdRHvZRjhLOK9V6B+qJ7nxDZYINr9pBlqGWxknz37Vld5KK19Kpr79r0dXUZvaaelLjCnJk9dA2PcQ==",
      "cpu": [
        "arm64"
      ],
      "dev": true,
      "optional": true,
      "os": [
        "darwin"
      ],
      "engines": {
        "node": ">=10"
      }
    },
    "node_modules/@swc/core-darwin-x64": {
      "version": "1.3.70",
      "resolved": "https://registry.npmjs.org/@swc/core-darwin-x64/-/core-darwin-x64-1.3.70.tgz",
      "integrity": "sha512-GMFJ65E18zQC80t0os+TZvI+8lbRuitncWVge/RXmXbVLPRcdykP4EJ87cqzcG5Ah0z18/E0T+ixD6jHRisrYQ==",
      "cpu": [
        "x64"
      ],
      "dev": true,
      "optional": true,
      "os": [
        "darwin"
      ],
      "engines": {
        "node": ">=10"
      }
    },
    "node_modules/@swc/core-linux-arm-gnueabihf": {
      "version": "1.3.70",
      "resolved": "https://registry.npmjs.org/@swc/core-linux-arm-gnueabihf/-/core-linux-arm-gnueabihf-1.3.70.tgz",
      "integrity": "sha512-wjhCwS8LCiAq2VedF1b4Bryyw68xZnfMED4pLRazAl8BaUlDFANfRBORNunxlfHQj4V3x39IaiLgCZRHMdzXBg==",
      "cpu": [
        "arm"
      ],
      "dev": true,
      "optional": true,
      "os": [
        "linux"
      ],
      "engines": {
        "node": ">=10"
      }
    },
    "node_modules/@swc/core-linux-arm64-gnu": {
      "version": "1.3.70",
      "resolved": "https://registry.npmjs.org/@swc/core-linux-arm64-gnu/-/core-linux-arm64-gnu-1.3.70.tgz",
      "integrity": "sha512-9D/Rx67cAOnMiexvCqARxvhj7coRajTp5HlJHuf+rfwMqI2hLhpO9/pBMQxBUAWxODO/ksQ/OF+GJRjmtWw/2A==",
      "cpu": [
        "arm64"
      ],
      "dev": true,
      "optional": true,
      "os": [
        "linux"
      ],
      "engines": {
        "node": ">=10"
      }
    },
    "node_modules/@swc/core-linux-arm64-musl": {
      "version": "1.3.70",
      "resolved": "https://registry.npmjs.org/@swc/core-linux-arm64-musl/-/core-linux-arm64-musl-1.3.70.tgz",
      "integrity": "sha512-gkjxBio7XD+1GlQVVyPP/qeFkLu83VhRHXaUrkNYpr5UZG9zZurBERT9nkS6Y+ouYh+Q9xmw57aIyd2KvD2zqQ==",
      "cpu": [
        "arm64"
      ],
      "dev": true,
      "optional": true,
      "os": [
        "linux"
      ],
      "engines": {
        "node": ">=10"
      }
    },
    "node_modules/@swc/core-linux-x64-gnu": {
      "version": "1.3.70",
      "resolved": "https://registry.npmjs.org/@swc/core-linux-x64-gnu/-/core-linux-x64-gnu-1.3.70.tgz",
      "integrity": "sha512-/nCly+V4xfMVwfEUoLLAukxUSot/RcSzsf6GdsGTjFcrp5sZIntAjokYRytm3VT1c2TK321AfBorsi9R5w8Y7Q==",
      "cpu": [
        "x64"
      ],
      "dev": true,
      "optional": true,
      "os": [
        "linux"
      ],
      "engines": {
        "node": ">=10"
      }
    },
    "node_modules/@swc/core-linux-x64-musl": {
      "version": "1.3.70",
      "resolved": "https://registry.npmjs.org/@swc/core-linux-x64-musl/-/core-linux-x64-musl-1.3.70.tgz",
      "integrity": "sha512-HoOsPJbt361KGKaivAK0qIiYARkhzlxeAfvF5NlnKxkIMOZpQ46Lwj3tR0VWohKbrhS+cYKFlVuDi5XnDkx0XA==",
      "cpu": [
        "x64"
      ],
      "dev": true,
      "optional": true,
      "os": [
        "linux"
      ],
      "engines": {
        "node": ">=10"
      }
    },
    "node_modules/@swc/core-win32-arm64-msvc": {
      "version": "1.3.70",
      "resolved": "https://registry.npmjs.org/@swc/core-win32-arm64-msvc/-/core-win32-arm64-msvc-1.3.70.tgz",
      "integrity": "sha512-hm4IBK/IaRil+aj1cWU6f0GyAdHpw/Jr5nyFYLM2c/tt7w2t5hgb8NjzM2iM84lOClrig1fG6edj2vCF1dFzNQ==",
      "cpu": [
        "arm64"
      ],
      "dev": true,
      "optional": true,
      "os": [
        "win32"
      ],
      "engines": {
        "node": ">=10"
      }
    },
    "node_modules/@swc/core-win32-ia32-msvc": {
      "version": "1.3.70",
      "resolved": "https://registry.npmjs.org/@swc/core-win32-ia32-msvc/-/core-win32-ia32-msvc-1.3.70.tgz",
      "integrity": "sha512-5cgKUKIT/9Fp5fCA+zIjYCQ4dSvjFYOeWGZR3QiTXGkC4bGa1Ji9SEPyeIAX0iruUnKjYaZB9RvHK2tNn7RLrQ==",
      "cpu": [
        "ia32"
      ],
      "dev": true,
      "optional": true,
      "os": [
        "win32"
      ],
      "engines": {
        "node": ">=10"
      }
    },
    "node_modules/@swc/core-win32-x64-msvc": {
      "version": "1.3.70",
      "resolved": "https://registry.npmjs.org/@swc/core-win32-x64-msvc/-/core-win32-x64-msvc-1.3.70.tgz",
      "integrity": "sha512-LE8lW46+TQBzVkn2mHBlk8DIElPIZ2dO5P8AbJiARNBAnlqQWu67l9gWM89UiZ2l33J2cI37pHzON3tKnT8f9g==",
      "cpu": [
        "x64"
      ],
      "dev": true,
      "optional": true,
      "os": [
        "win32"
      ],
      "engines": {
        "node": ">=10"
      }
    },
    "node_modules/alura-elements": {
      "resolved": "packages/alura-elements",
      "link": true
    },
    "node_modules/alura-transpiler": {
      "resolved": "packages/alura-transpiler",
      "link": true
    },
    "packages/alura-elements": {
      "version": "1.0.0",
      "license": "ISC",
      "bin": {
        "alura-elements": "src/cli.js"
      },
      "devDependencies": {
        "@swc/core": "^1.3.70",
        "alura-transpiler": "file:../alura-transpiler"
      }
    },
    "packages/alura-transpiler": {
      "version": "1.0.0",
      "dev": true,
      "license": "ISC",
      "bin": {
        "alura-transpiler": "src/cli.js"
      }
    }
  },
  "dependencies": {
    "@swc/core": {
      "version": "1.3.70",
      "resolved": "https://registry.npmjs.org/@swc/core/-/core-1.3.70.tgz",
      "integrity": "sha512-LWVWlEDLlOD25PvA2NEz41UzdwXnlDyBiZbe69s3zM0DfCPwZXLUm79uSqH9ItsOjTrXSL5/1+XUL6C/BZwChA==",
      "dev": true,
      "requires": {
        "@swc/core-darwin-arm64": "1.3.70",
        "@swc/core-darwin-x64": "1.3.70",
        "@swc/core-linux-arm-gnueabihf": "1.3.70",
        "@swc/core-linux-arm64-gnu": "1.3.70",
        "@swc/core-linux-arm64-musl": "1.3.70",
        "@swc/core-linux-x64-gnu": "1.3.70",
        "@swc/core-linux-x64-musl": "1.3.70",
        "@swc/core-win32-arm64-msvc": "1.3.70",
        "@swc/core-win32-ia32-msvc": "1.3.70",
        "@swc/core-win32-x64-msvc": "1.3.70"
      }
    },
    "@swc/core-darwin-arm64": {
      "version": "1.3.70",
      "resolved": "https://registry.npmjs.org/@swc/core-darwin-arm64/-/core-darwin-arm64-1.3.70.tgz",
      "integrity": "sha512-31+mcl0dgdRHvZRjhLOK9V6B+qJ7nxDZYINr9pBlqGWxknz37Vld5KK19Kpr79r0dXUZvaaelLjCnJk9dA2PcQ==",
      "dev": true,
      "optional": true
    },
    "@swc/core-darwin-x64": {
      "version": "1.3.70",
      "resolved": "https://registry.npmjs.org/@swc/core-darwin-x64/-/core-darwin-x64-1.3.70.tgz",
      "integrity": "sha512-GMFJ65E18zQC80t0os+TZvI+8lbRuitncWVge/RXmXbVLPRcdykP4EJ87cqzcG5Ah0z18/E0T+ixD6jHRisrYQ==",
      "dev": true,
      "optional": true
    },
    "@swc/core-linux-arm-gnueabihf": {
      "version": "1.3.70",
      "resolved": "https://registry.npmjs.org/@swc/core-linux-arm-gnueabihf/-/core-linux-arm-gnueabihf-1.3.70.tgz",
      "integrity": "sha512-wjhCwS8LCiAq2VedF1b4Bryyw68xZnfMED4pLRazAl8BaUlDFANfRBORNunxlfHQj4V3x39IaiLgCZRHMdzXBg==",
      "dev": true,
      "optional": true
    },
    "@swc/core-linux-arm64-gnu": {
      "version": "1.3.70",
      "resolved": "https://registry.npmjs.org/@swc/core-linux-arm64-gnu/-/core-linux-arm64-gnu-1.3.70.tgz",
      "integrity": "sha512-9D/Rx67cAOnMiexvCqARxvhj7coRajTp5HlJHuf+rfwMqI2hLhpO9/pBMQxBUAWxODO/ksQ/OF+GJRjmtWw/2A==",
      "dev": true,
      "optional": true
    },
    "@swc/core-linux-arm64-musl": {
      "version": "1.3.70",
      "resolved": "https://registry.npmjs.org/@swc/core-linux-arm64-musl/-/core-linux-arm64-musl-1.3.70.tgz",
      "integrity": "sha512-gkjxBio7XD+1GlQVVyPP/qeFkLu83VhRHXaUrkNYpr5UZG9zZurBERT9nkS6Y+ouYh+Q9xmw57aIyd2KvD2zqQ==",
      "dev": true,
      "optional": true
    },
    "@swc/core-linux-x64-gnu": {
      "version": "1.3.70",
      "resolved": "https://registry.npmjs.org/@swc/core-linux-x64-gnu/-/core-linux-x64-gnu-1.3.70.tgz",
      "integrity": "sha512-/nCly+V4xfMVwfEUoLLAukxUSot/RcSzsf6GdsGTjFcrp5sZIntAjokYRytm3VT1c2TK321AfBorsi9R5w8Y7Q==",
      "dev": true,
      "optional": true
    },
    "@swc/core-linux-x64-musl": {
      "version": "1.3.70",
      "resolved": "https://registry.npmjs.org/@swc/core-linux-x64-musl/-/core-linux-x64-musl-1.3.70.tgz",
      "integrity": "sha512-HoOsPJbt361KGKaivAK0qIiYARkhzlxeAfvF5NlnKxkIMOZpQ46Lwj3tR0VWohKbrhS+cYKFlVuDi5XnDkx0XA==",
      "dev": true,
      "optional": true
    },
    "@swc/core-win32-arm64-msvc": {
      "version": "1.3.70",
      "resolved": "https://registry.npmjs.org/@swc/core-win32-arm64-msvc/-/core-win32-arm64-msvc-1.3.70.tgz",
      "integrity": "sha512-hm4IBK/IaRil+aj1cWU6f0GyAdHpw/Jr5nyFYLM2c/tt7w2t5hgb8NjzM2iM84lOClrig1fG6edj2vCF1dFzNQ==",
      "dev": true,
      "optional": true
    },
    "@swc/core-win32-ia32-msvc": {
      "version": "1.3.70",
      "resolved": "https://registry.npmjs.org/@swc/core-win32-ia32-msvc/-/core-win32-ia32-msvc-1.3.70.tgz",
      "integrity": "sha512-5cgKUKIT/9Fp5fCA+zIjYCQ4dSvjFYOeWGZR3QiTXGkC4bGa1Ji9SEPyeIAX0iruUnKjYaZB9RvHK2tNn7RLrQ==",
      "dev": true,
      "optional": true
    },
    "@swc/core-win32-x64-msvc": {
      "version": "1.3.70",
      "resolved": "https://registry.npmjs.org/@swc/core-win32-x64-msvc/-/core-win32-x64-msvc-1.3.70.tgz",
      "integrity": "sha512-LE8lW46+TQBzVkn2mHBlk8DIElPIZ2dO5P8AbJiARNBAnlqQWu67l9gWM89UiZ2l33J2cI37pHzON3tKnT8f9g==",
      "dev": true,
      "optional": true
    },
    "alura-elements": {
      "version": "file:packages/alura-elements",
      "requires": {
        "@swc/core": "^1.3.70",
        "alura-transpiler": "file:../alura-transpiler"
      }
    },
    "alura-transpiler": {
      "version": "file:packages/alura-transpiler"
    }
  }
}
